lockfileVersion: '9.0'

settings:
  autoInstallPeers: true
  excludeLinksFromLockfile: false

importers:

  .:
    dependencies:
      '@highlightjs/cdn-assets':
        specifier: 11.11.1
        version: 11.11.1
      bootstrap:
        specifier: 5.3.8
        version: 5.3.8(@popperjs/core@2.11.8)
      dropzone:
        specifier: 5.9.3
        version: 5.9.3

packages:

  '@highlightjs/cdn-assets@11.11.1':
    resolution: {integrity: sha512-VEPdHzwelZ12hEX18BHduqxMZGolcUsrbeokHYxOUIm8X2+M7nx5QPtPeQgRxR9XjhdLv4/7DD5BWOlSrJ3k7Q==}
    engines: {node: '>=12.0.0'}

  '@popperjs/core@2.11.8':
    resolution: {integrity: sha512-P1st0aksCrn9sGZhp8GMYwBnQsbvAWsZAX44oXNNvLHGqAOcoVxmjZiohstwQ7SqKnbR47akdNi+uleWD8+g6A==}

  bootstrap@5.3.8:
    resolution: {integrity: sha512-HP1SZDqaLDPwsNiqRqi5NcP0SSXciX2s9E+RyqJIIqGo+vJeN5AJVM98CXmW/Wux0nQ5L7jeWUdplCEf0Ee+tg==}
    peerDependencies:
      '@popperjs/core': ^2.11.8

  dropzone@5.9.3:
    resolution: {integrity: sha512-Azk8kD/2/nJIuVPK+zQ9sjKMRIpRvNyqn9XwbBHNq+iNuSccbJS6hwm1Woy0pMST0erSo0u4j+KJaodndDk4vA==}

snapshots:

  '@highlightjs/cdn-assets@11.11.1': {}

  '@popperjs/core@2.11.8': {}

  bootstrap@5.3.8(@popperjs/core@2.11.8):
    dependencies:
      '@popperjs/core': 2.11.8

  dropzone@5.9.3: {}
